
Microsoft Visual Studio Solution File, Format Version 12.00
# Visual Studio Version 17
VisualStudioVersion = 17.2.32505.173
MinimumVisualStudioVersion = 10.0.40219.1
Project("{FAE04EC0-301F-11D3-BF4B-00C04F79EFBC}") = "Fizzbuzz", "Fizzbuzz\Fizzbuzz.csproj", "{422DFB0C-A1F8-4B0E-A0D7-79DCEF6454FD}"
EndProject
Global
	GlobalSection(SolutionConfigurationPlatforms) = preSolution
		Debug|Any CPU = Debug|Any CPU
		Release|Any CPU = Release|Any CPU
	EndGlobalSection
	GlobalSection(ProjectConfigurationPlatforms) = postSolution
		{422DFB0C-A1F8-4B0E-A0D7-79DCEF6454FD}.Debug|Any CPU.ActiveCfg = Debug|Any CPU
		{422DFB0C-A1F8-4B0E-A0D7-79DCEF6454FD}.Debug|Any CPU.Build.0 = Debug|Any CPU
		{422DFB0C-A1F8-4B0E-A0D7-79DCEF6454FD}.Release|Any CPU.ActiveCfg = Release|Any CPU
		{422DFB0C-A1F8-4B0E-A0D7-79DCEF6454FD}.Release|Any CPU.Build.0 = Release|Any CPU
	EndGlobalSection
	GlobalSection(SolutionProperties) = preSolution
		HideSolutionNode = FALSE
	EndGlobalSection
	GlobalSection(ExtensibilityGlobals) = postSolution
		SolutionGuid = {C56795AD-1A31-4D73-860B-16D3FC0F6B50}
	EndGlobalSection
EndGlobal
